// !$*UTF8*$!
{
	archiveVersion = 1;
	classes = {
	};
	objectVersion = 46;
	objects = {

/* Begin PBXBuildFile section */
		B264F27E159783C80020BC2A /* UIKit.framework in Frameworks */ = {isa = PBXBuildFile; fileRef = B264F27D159783C80020BC2A /* UIKit.framework */; };
		B264F280159783C80020BC2A /* Foundation.framework in Frameworks */ = {isa = PBXBuildFile; fileRef = B264F27F159783C80020BC2A /* Foundation.framework */; };
		B264F282159783C80020BC2A /* CoreGraphics.framework in Frameworks */ = {isa = PBXBuildFile; fileRef = B264F281159783C80020BC2A /* CoreGraphics.framework */; };
		B264F288159783C80020BC2A /* InfoPlist.strings in Resources */ = {isa = PBXBuildFile; fileRef = B264F286159783C80020BC2A /* InfoPlist.strings */; };
		B264F28A159783C80020BC2A /* main.m in Sources */ = {isa = PBXBuildFile; fileRef = B264F289159783C80020BC2A /* main.m */; };
		B264F28E159783C80020BC2A /* AppDelegate.m in Sources */ = {isa = PBXBuildFile; fileRef = B264F28D159783C80020BC2A /* AppDelegate.m */; };
		B264F291159783C80020BC2A /* MainStoryboard_iPhone.storyboard in Resources */ = {isa = PBXBuildFile; fileRef = B264F28F159783C80020BC2A /* MainStoryboard_iPhone.storyboard */; };
		B264F294159783C80020BC2A /* MainStoryboard_iPad.storyboard in Resources */ = {isa = PBXBuildFile; fileRef = B264F292159783C80020BC2A /* MainStoryboard_iPad.storyboard */; };
		B264F297159783C80020BC2A /* FirstViewController.m in Sources */ = {isa = PBXBuildFile; fileRef = B264F296159783C80020BC2A /* FirstViewController.m */; };
		B264F299159783C80020BC2A /* first.png in Resources */ = {isa = PBXBuildFile; fileRef = B264F298159783C80020BC2A /* first.png */; };
		B264F29B159783C80020BC2A /* first@2x.png in Resources */ = {isa = PBXBuildFile; fileRef = B264F29A159783C80020BC2A /* first@2x.png */; };
		B264F29E159783C90020BC2A /* SecondViewController.m in Sources */ = {isa = PBXBuildFile; fileRef = B264F29D159783C90020BC2A /* SecondViewController.m */; };
		B264F2A0159783C90020BC2A /* second.png in Resources */ = {isa = PBXBuildFile; fileRef = B264F29F159783C90020BC2A /* second.png */; };
		B264F2A2159783C90020BC2A /* second@2x.png in Resources */ = {isa = PBXBuildFile; fileRef = B264F2A1159783C90020BC2A /* second@2x.png */; };
		B264F2AA159783C90020BC2A /* SenTestingKit.framework in Frameworks */ = {isa = PBXBuildFile; fileRef = B264F2A9159783C90020BC2A /* SenTestingKit.framework */; };
		B264F2AB159783C90020BC2A /* UIKit.framework in Frameworks */ = {isa = PBXBuildFile; fileRef = B264F27D159783C80020BC2A /* UIKit.framework */; };
		B264F2AC159783C90020BC2A /* Foundation.framework in Frameworks */ = {isa = PBXBuildFile; fileRef = B264F27F159783C80020BC2A /* Foundation.framework */; };
		B264F2B4159783C90020BC2A /* InfoPlist.strings in Resources */ = {isa = PBXBuildFile; fileRef = B264F2B2159783C90020BC2A /* InfoPlist.strings */; };
		B264F2B7159783C90020BC2A /* TabBarAppTestsTests.m in Sources */ = {isa = PBXBuildFile; fileRef = B264F2B6159783C90020BC2A /* TabBarAppTestsTests.m */; };
/* End PBXBuildFile section */

/* Begin PBXContainerItemProxy section */
		B264F2AD159783C90020BC2A /* PBXContainerItemProxy */ = {
			isa = PBXContainerItemProxy;
			containerPortal = B264F270159783C80020BC2A /* Project object */;
			proxyType = 1;
			remoteGlobalIDString = B264F278159783C80020BC2A;
			remoteInfo = TabBarAppTests;
		};
/* End PBXContainerItemProxy section */

/* Begin PBXFileReference section */
		B264F279159783C80020BC2A /* TabBarAppTests.app */ = {isa = PBXFileReference; explicitFileType = wrapper.application; includeInIndex = 0; path = TabBarAppTests.app; sourceTree = BUILT_PRODUCTS_DIR; };
		B264F27D159783C80020BC2A /* UIKit.framework */ = {isa = PBXFileReference; lastKnownFileType = wrapper.framework; name = UIKit.framework; path = System/Library/Frameworks/UIKit.framework; sourceTree = SDKROOT; };
		B264F27F159783C80020BC2A /* Foundation.framework */ = {isa = PBXFileReference; lastKnownFileType = wrapper.framework; name = Foundation.framework; path = System/Library/Frameworks/Foundation.framework; sourceTree = SDKROOT; };
		B264F281159783C80020BC2A /* CoreGraphics.framework */ = {isa = PBXFileReference; lastKnownFileType = wrapper.framework; name = CoreGraphics.framework; path = System/Library/Frameworks/CoreGraphics.framework; sourceTree = SDKROOT; };
		B264F285159783C80020BC2A /* TabBarAppTests-Info.plist */ = {isa = PBXFileReference; lastKnownFileType = text.plist.xml; path = "TabBarAppTests-Info.plist"; sourceTree = "<group>"; };
		B264F287159783C80020BC2A /* en */ = {isa = PBXFileReference; lastKnownFileType = text.plist.strings; name = en; path = en.lproj/InfoPlist.strings; sourceTree = "<group>"; };
		B264F289159783C80020BC2A /* main.m */ = {isa = PBXFileReference; lastKnownFileType = sourcecode.c.objc; path = main.m; sourceTree = "<group>"; };
		B264F28B159783C80020BC2A /* TabBarAppTests-Prefix.pch */ = {isa = PBXFileReference; lastKnownFileType = sourcecode.c.h; path = "TabBarAppTests-Prefix.pch"; sourceTree = "<group>"; };
		B264F28C159783C80020BC2A /* AppDelegate.h */ = {isa = PBXFileReference; lastKnownFileType = sourcecode.c.h; path = AppDelegate.h; sourceTree = "<group>"; };
		B264F28D159783C80020BC2A /* AppDelegate.m */ = {isa = PBXFileReference; lastKnownFileType = sourcecode.c.objc; path = AppDelegate.m; sourceTree = "<group>"; };
		B264F290159783C80020BC2A /* en */ = {isa = PBXFileReference; lastKnownFileType = file.storyboard; name = en; path = en.lproj/MainStoryboard_iPhone.storyboard; sourceTree = "<group>"; };
		B264F293159783C80020BC2A /* en */ = {isa = PBXFileReference; lastKnownFileType = file.storyboard; name = en; path = en.lproj/MainStoryboard_iPad.storyboard; sourceTree = "<group>"; };
		B264F295159783C80020BC2A /* FirstViewController.h */ = {isa = PBXFileReference; lastKnownFileType = sourcecode.c.h; path = FirstViewController.h; sourceTree = "<group>"; };
		B264F296159783C80020BC2A /* FirstViewController.m */ = {isa = PBXFileReference; lastKnownFileType = sourcecode.c.objc; path = FirstViewController.m; sourceTree = "<group>"; };
		B264F298159783C80020BC2A /* first.png */ = {isa = PBXFileReference; lastKnownFileType = image.png; path = first.png; sourceTree = "<group>"; };
		B264F29A159783C80020BC2A /* first@2x.png */ = {isa = PBXFileReference; lastKnownFileType = image.png; path = "first@2x.png"; sourceTree = "<group>"; };
		B264F29C159783C80020BC2A /* SecondViewController.h */ = {isa = PBXFileReference; lastKnownFileType = sourcecode.c.h; path = SecondViewController.h; sourceTree = "<group>"; };
		B264F29D159783C90020BC2A /* SecondViewController.m */ = {isa = PBXFileReference; lastKnownFileType = sourcecode.c.objc; path = SecondViewController.m; sourceTree = "<group>"; };
		B264F29F159783C90020BC2A /* second.png */ = {isa = PBXFileReference; lastKnownFileType = image.png; path = second.png; sourceTree = "<group>"; };
		B264F2A1159783C90020BC2A /* second@2x.png */ = {isa = PBXFileReference; lastKnownFileType = image.png; path = "second@2x.png"; sourceTree = "<group>"; };
		B264F2A8159783C90020BC2A /* TabBarAppTestsTests.octest */ = {isa = PBXFileReference; explicitFileType = wrapper.cfbundle; includeInIndex = 0; path = TabBarAppTestsTests.octest; sourceTree = BUILT_PRODUCTS_DIR; };
		B264F2A9159783C90020BC2A /* SenTestingKit.framework */ = {isa = PBXFileReference; lastKnownFileType = wrapper.framework; name = SenTestingKit.framework; path = Library/Frameworks/SenTestingKit.framework; sourceTree = DEVELOPER_DIR; };
		B264F2B1159783C90020BC2A /* TabBarAppTestsTests-Info.plist */ = {isa = PBXFileReference; lastKnownFileType = text.plist.xml; path = "TabBarAppTestsTests-Info.plist"; sourceTree = "<group>"; };
		B264F2B3159783C90020BC2A /* en */ = {isa = PBXFileReference; lastKnownFileType = text.plist.strings; name = en; path = en.lproj/InfoPlist.strings; sourceTree = "<group>"; };
		B264F2B5159783C90020BC2A /* TabBarAppTestsTests.h */ = {isa = PBXFileReference; lastKnownFileType = sourcecode.c.h; path = TabBarAppTestsTests.h; sourceTree = "<group>"; };
		B264F2B6159783C90020BC2A /* TabBarAppTestsTests.m */ = {isa = PBXFileReference; lastKnownFileType = sourcecode.c.objc; path = TabBarAppTestsTests.m; sourceTree = "<group>"; };
/* End PBXFileReference section */

/* Begin PBXFrameworksBuildPhase section */
		B264F276159783C80020BC2A /* Frameworks */ = {
			isa = PBXFrameworksBuildPhase;
			buildActionMask = 2147483647;
			files = (
				B264F27E159783C80020BC2A /* UIKit.framework in Frameworks */,
				B264F280159783C80020BC2A /* Foundation.framework in Frameworks */,
				B264F282159783C80020BC2A /* CoreGraphics.framework in Frameworks */,
			);
			runOnlyForDeploymentPostprocessing = 0;
		};
		B264F2A4159783C90020BC2A /* Frameworks */ = {
			isa = PBXFrameworksBuildPhase;
			buildActionMask = 2147483647;
			files = (
				B264F2AA159783C90020BC2A /* SenTestingKit.framework in Frameworks */,
				B264F2AB159783C90020BC2A /* UIKit.framework in Frameworks */,
				B264F2AC159783C90020BC2A /* Foundation.framework in Frameworks */,
			);
			runOnlyForDeploymentPostprocessing = 0;
		};
/* End PBXFrameworksBuildPhase section */

/* Begin PBXGroup section */
		B264F26E159783C80020BC2A = {
			isa = PBXGroup;
			children = (
				B264F283159783C80020BC2A /* TabBarAppTests */,
				B264F2AF159783C90020BC2A /* TabBarAppTestsTests */,
				B264F27C159783C80020BC2A /* Frameworks */,
				B264F27A159783C80020BC2A /* Products */,
			);
			sourceTree = "<group>";
		};
		B264F27A159783C80020BC2A /* Products */ = {
			isa = PBXGroup;
			children = (
				B264F279159783C80020BC2A /* TabBarAppTests.app */,
				B264F2A8159783C90020BC2A /* TabBarAppTestsTests.octest */,
			);
			name = Products;
			sourceTree = "<group>";
		};
		B264F27C159783C80020BC2A /* Frameworks */ = {
			isa = PBXGroup;
			children = (
				B264F27D159783C80020BC2A /* UIKit.framework */,
				B264F27F159783C80020BC2A /* Foundation.framework */,
				B264F281159783C80020BC2A /* CoreGraphics.framework */,
				B264F2A9159783C90020BC2A /* SenTestingKit.framework */,
			);
			name = Frameworks;
			sourceTree = "<group>";
		};
		B264F283159783C80020BC2A /* TabBarAppTests */ = {
			isa = PBXGroup;
			children = (
				B264F28C159783C80020BC2A /* AppDelegate.h */,
				B264F28D159783C80020BC2A /* AppDelegate.m */,
				B264F28F159783C80020BC2A /* MainStoryboard_iPhone.storyboard */,
				B264F292159783C80020BC2A /* MainStoryboard_iPad.storyboard */,
				B264F295159783C80020BC2A /* FirstViewController.h */,
				B264F296159783C80020BC2A /* FirstViewController.m */,
				B264F298159783C80020BC2A /* first.png */,
				B264F29A159783C80020BC2A /* first@2x.png */,
				B264F29C159783C80020BC2A /* SecondViewController.h */,
				B264F29D159783C90020BC2A /* SecondViewController.m */,
				B264F29F159783C90020BC2A /* second.png */,
				B264F2A1159783C90020BC2A /* second@2x.png */,
				B264F284159783C80020BC2A /* Supporting Files */,
			);
			path = TabBarAppTests;
			sourceTree = "<group>";
		};
		B264F284159783C80020BC2A /* Supporting Files */ = {
			isa = PBXGroup;
			children = (
				B264F285159783C80020BC2A /* TabBarAppTests-Info.plist */,
				B264F286159783C80020BC2A /* InfoPlist.strings */,
				B264F289159783C80020BC2A /* main.m */,
				B264F28B159783C80020BC2A /* TabBarAppTests-Prefix.pch */,
			);
			name = "Supporting Files";
			sourceTree = "<group>";
		};
		B264F2AF159783C90020BC2A /* TabBarAppTestsTests */ = {
			isa = PBXGroup;
			children = (
				B264F2B5159783C90020BC2A /* TabBarAppTestsTests.h */,
				B264F2B6159783C90020BC2A /* TabBarAppTestsTests.m */,
				B264F2B0159783C90020BC2A /* Supporting Files */,
			);
			path = TabBarAppTestsTests;
			sourceTree = "<group>";
		};
		B264F2B0159783C90020BC2A /* Supporting Files */ = {
			isa = PBXGroup;
			children = (
				B264F2B1159783C90020BC2A /* TabBarAppTestsTests-Info.plist */,
				B264F2B2159783C90020BC2A /* InfoPlist.strings */,
			);
			name = "Supporting Files";
			sourceTree = "<group>";
		};
/* End PBXGroup section */

/* Begin PBXNativeTarget section */
		B264F278159783C80020BC2A /* TabBarAppTests */ = {
			isa = PBXNativeTarget;
			buildConfigurationList = B264F2BA159783C90020BC2A /* Build configuration list for PBXNativeTarget "TabBarAppTests" */;
			buildPhases = (
				B264F275159783C80020BC2A /* Sources */,
				B264F276159783C80020BC2A /* Frameworks */,
				B264F277159783C80020BC2A /* Resources */,
			);
			buildRules = (
			);
			dependencies = (
			);
			name = TabBarAppTests;
			productName = TabBarAppTests;
			productReference = B264F279159783C80020BC2A /* TabBarAppTests.app */;
			productType = "com.apple.product-type.application";
		};
		B264F2A7159783C90020BC2A /* TabBarAppTestsTests */ = {
			isa = PBXNativeTarget;
			buildConfigurationList = B264F2BD159783C90020BC2A /* Build configuration list for PBXNativeTarget "TabBarAppTestsTests" */;
			buildPhases = (
				B264F2A3159783C90020BC2A /* Sources */,
				B264F2A4159783C90020BC2A /* Frameworks */,
				B264F2A5159783C90020BC2A /* Resources */,
				B264F2A6159783C90020BC2A /* ShellScript */,
			);
			buildRules = (
			);
			dependencies = (
				B264F2AE159783C90020BC2A /* PBXTargetDependency */,
			);
			name = TabBarAppTestsTests;
			productName = TabBarAppTestsTests;
			productReference = B264F2A8159783C90020BC2A /* TabBarAppTestsTests.octest */;
			productType = "com.apple.product-type.bundle";
		};
/* End PBXNativeTarget section */

/* Begin PBXProject section */
		B264F270159783C80020BC2A /* Project object */ = {
			isa = PBXProject;
			attributes = {
				LastUpgradeCheck = 0430;
			};
			buildConfigurationList = B264F273159783C80020BC2A /* Build configuration list for PBXProject "TabBarAppTests" */;
			compatibilityVersion = "Xcode 3.2";
			developmentRegion = English;
			hasScannedForEncodings = 0;
			knownRegions = (
				en,
			);
			mainGroup = B264F26E159783C80020BC2A;
			productRefGroup = B264F27A159783C80020BC2A /* Products */;
			projectDirPath = "";
			projectRoot = "";
			targets = (
				B264F278159783C80020BC2A /* TabBarAppTests */,
				B264F2A7159783C90020BC2A /* TabBarAppTestsTests */,
			);
		};
/* End PBXProject section */

/* Begin PBXResourcesBuildPhase section */
		B264F277159783C80020BC2A /* Resources */ = {
			isa = PBXResourcesBuildPhase;
			buildActionMask = 2147483647;
			files = (
				B264F288159783C80020BC2A /* InfoPlist.strings in Resources */,
				B264F291159783C80020BC2A /* MainStoryboard_iPhone.storyboard in Resources */,
				B264F294159783C80020BC2A /* MainStoryboard_iPad.storyboard in Resources */,
				B264F299159783C80020BC2A /* first.png in Resources */,
				B264F29B159783C80020BC2A /* first@2x.png in Resources */,
				B264F2A0159783C90020BC2A /* second.png in Resources */,
				B264F2A2159783C90020BC2A /* second@2x.png in Resources */,
			);
			runOnlyForDeploymentPostprocessing = 0;
		};
		B264F2A5159783C90020BC2A /* Resources */ = {
			isa = PBXResourcesBuildPhase;
			buildActionMask = 2147483647;
			files = (
				B264F2B4159783C90020BC2A /* InfoPlist.strings in Resources */,
			);
			runOnlyForDeploymentPostprocessing = 0;
		};
/* End PBXResourcesBuildPhase section */

/* Begin PBXShellScriptBuildPhase section */
		B264F2A6159783C90020BC2A /* ShellScript */ = {
			isa = PBXShellScriptBuildPhase;
			buildActionMask = 2147483647;
			files = (
			);
			inputPaths = (
			);
			outputPaths = (
			);
			runOnlyForDeploymentPostprocessing = 0;
			shellPath = /bin/sh;
			shellScript = "# Run the unit tests in this test bundle.\n\"${SYSTEM_DEVELOPER_DIR}/Tools/RunUnitTests\"\n";
		};
/* End PBXShellScriptBuildPhase section */

/* Begin PBXSourcesBuildPhase section */
		B264F275159783C80020BC2A /* Sources */ = {
			isa = PBXSourcesBuildPhase;
			buildActionMask = 2147483647;
			files = (
				B264F28A159783C80020BC2A /* main.m in Sources */,
				B264F28E159783C80020BC2A /* AppDelegate.m in Sources */,
				B264F297159783C80020BC2A /* FirstViewController.m in Sources */,
				B264F29E159783C90020BC2A /* SecondViewController.m in Sources */,
			);
			runOnlyForDeploymentPostprocessing = 0;
		};
		B264F2A3159783C90020BC2A /* Sources */ = {
			isa = PBXSourcesBuildPhase;
			buildActionMask = 2147483647;
			files = (
				B264F2B7159783C90020BC2A /* TabBarAppTestsTests.m in Sources */,
			);
			runOnlyForDeploymentPostprocessing = 0;
		};
/* End PBXSourcesBuildPhase section */

/* Begin PBXTargetDependency section */
		B264F2AE159783C90020BC2A /* PBXTargetDependency */ = {
			isa = PBXTargetDependency;
			target = B264F278159783C80020BC2A /* TabBarAppTests */;
			targetProxy = B264F2AD159783C90020BC2A /* PBXContainerItemProxy */;
		};
/* End PBXTargetDependency section */

/* Begin PBXVariantGroup section */
		B264F286159783C80020BC2A /* InfoPlist.strings */ = {
			isa = PBXVariantGroup;
			children = (
				B264F287159783C80020BC2A /* en */,
			);
			name = InfoPlist.strings;
			sourceTree = "<group>";
		};
		B264F28F159783C80020BC2A /* MainStoryboard_iPhone.storyboard */ = {
			isa = PBXVariantGroup;
			children = (
				B264F290159783C80020BC2A /* en */,
			);
			name = MainStoryboard_iPhone.storyboard;
			sourceTree = "<group>";
		};
		B264F292159783C80020BC2A /* MainStoryboard_iPad.storyboard */ = {
			isa = PBXVariantGroup;
			children = (
				B264F293159783C80020BC2A /* en */,
			);
			name = MainStoryboard_iPad.storyboard;
			sourceTree = "<group>";
		};
		B264F2B2159783C90020BC2A /* InfoPlist.strings */ = {
			isa = PBXVariantGroup;
			children = (
				B264F2B3159783C90020BC2A /* en */,
			);
			name = InfoPlist.strings;
			sourceTree = "<group>";
		};
/* End PBXVariantGroup section */

/* Begin XCBuildConfiguration section */
		B264F2B8159783C90020BC2A /* Debug */ = {
			isa = XCBuildConfiguration;
			buildSettings = {
				ALWAYS_SEARCH_USER_PATHS = NO;
				ARCHS = "$(ARCHS_STANDARD_32_BIT)";
				CLANG_ENABLE_OBJC_ARC = YES;
				"CODE_SIGN_IDENTITY[sdk=iphoneos*]" = "iPhone Developer";
				COPY_PHASE_STRIP = NO;
				GCC_C_LANGUAGE_STANDARD = gnu99;
				GCC_DYNAMIC_NO_PIC = NO;
				GCC_OPTIMIZATION_LEVEL = 0;
				GCC_PREPROCESSOR_DEFINITIONS = (
					"DEBUG=1",
					"$(inherited)",
				);
				GCC_SYMBOLS_PRIVATE_EXTERN = NO;
				GCC_VERSION = com.apple.compilers.llvm.clang.1_0;
				GCC_WARN_ABOUT_RETURN_TYPE = YES;
				GCC_WARN_UNINITIALIZED_AUTOS = YES;
				GCC_WARN_UNUSED_VARIABLE = YES;
				IPHONEOS_DEPLOYMENT_TARGET = 5.1;
				SDKROOT = iphoneos;
				TARGETED_DEVICE_FAMILY = "1,2";
			};
			name = Debug;
		};
		B264F2B9159783C90020BC2A /* Release */ = {
			isa = XCBuildConfiguration;
			buildSettings = {
				ALWAYS_SEARCH_USER_PATHS = NO;
				ARCHS = "$(ARCHS_STANDARD_32_BIT)";
				CLANG_ENABLE_OBJC_ARC = YES;
				"CODE_SIGN_IDENTITY[sdk=iphoneos*]" = "iPhone Developer";
				COPY_PHASE_STRIP = YES;
				GCC_C_LANGUAGE_STANDARD = gnu99;
				GCC_VERSION = com.apple.compilers.llvm.clang.1_0;
				GCC_WARN_ABOUT_RETURN_TYPE = YES;
				GCC_WARN_UNINITIALIZED_AUTOS = YES;
				GCC_WARN_UNUSED_VARIABLE = YES;
				IPHONEOS_DEPLOYMENT_TARGET = 5.1;
				OTHER_CFLAGS = "-DNS_BLOCK_ASSERTIONS=1";
				SDKROOT = iphoneos;
				TARGETED_DEVICE_FAMILY = "1,2";
				VALIDATE_PRODUCT = YES;
			};
			name = Release;
		};
		B264F2BB159783C90020BC2A /* Debug */ = {
			isa = XCBuildConfiguration;
			buildSettings = {
				GCC_PRECOMPILE_PREFIX_HEADER = YES;
				GCC_PREFIX_HEADER = "TabBarAppTests/TabBarAppTests-Prefix.pch";
				INFOPLIST_FILE = "TabBarAppTests/TabBarAppTests-Info.plist";
				PRODUCT_NAME = "$(TARGET_NAME)";
				WRAPPER_EXTENSION = app;
			};
			name = Debug;
		};
		B264F2BC159783C90020BC2A /* Release */ = {
			isa = XCBuildConfiguration;
			buildSettings = {
				GCC_PRECOMPILE_PREFIX_HEADER = YES;
				GCC_PREFIX_HEADER = "TabBarAppTests/TabBarAppTests-Prefix.pch";
				INFOPLIST_FILE = "TabBarAppTests/TabBarAppTests-Info.plist";
				PRODUCT_NAME = "$(TARGET_NAME)";
				WRAPPER_EXTENSION = app;
			};
			name = Release;
		};
		B264F2BE159783C90020BC2A /* Debug */ = {
			isa = XCBuildConfiguration;
			buildSettings = {
				BUNDLE_LOADER = "$(BUILT_PRODUCTS_DIR)/TabBarAppTests.app/TabBarAppTests";
				FRAMEWORK_SEARCH_PATHS = (
					"$(SDKROOT)/Developer/Library/Frameworks",
					"$(DEVELOPER_LIBRARY_DIR)/Frameworks",
				);
				GCC_PRECOMPILE_PREFIX_HEADER = YES;
				GCC_PREFIX_HEADER = "TabBarAppTests/TabBarAppTests-Prefix.pch";
				INFOPLIST_FILE = "TabBarAppTestsTests/TabBarAppTestsTests-Info.plist";
				PRODUCT_NAME = "$(TARGET_NAME)";
				TEST_HOST = "$(BUNDLE_LOADER)";
				WRAPPER_EXTENSION = octest;
			};
			name = Debug;
		};
		B264F2BF159783C90020BC2A /* Release */ = {
			isa = XCBuildConfiguration;
			buildSettings = {
				BUNDLE_LOADER = "$(BUILT_PRODUCTS_DIR)/TabBarAppTests.app/TabBarAppTests";
				FRAMEWORK_SEARCH_PATHS = (
					"$(SDKROOT)/Developer/Library/Frameworks",
					"$(DEVELOPER_LIBRARY_DIR)/Frameworks",
				);
				GCC_PRECOMPILE_PREFIX_HEADER = YES;
				GCC_PREFIX_HEADER = "TabBarAppTests/TabBarAppTests-Prefix.pch";
				INFOPLIST_FILE = "TabBarAppTestsTests/TabBarAppTestsTests-Info.plist";
				PRODUCT_NAME = "$(TARGET_NAME)";
				TEST_HOST = "$(BUNDLE_LOADER)";
				WRAPPER_EXTENSION = octest;
			};
			name = Release;
		};
/* End XCBuildConfiguration section */

/* Begin XCConfigurationList section */
		B264F273159783C80020BC2A /* Build configuration list for PBXProject "TabBarAppTests" */ = {
			isa = XCConfigurationList;
			buildConfigurations = (
				B264F2B8159783C90020BC2A /* Debug */,
				B264F2B9159783C90020BC2A /* Release */,
			);
			defaultConfigurationIsVisible = 0;
			defaultConfigurationName = Release;
		};
		B264F2BA159783C90020BC2A /* Build configuration list for PBXNativeTarget "TabBarAppTests" */ = {
			isa = XCConfigurationList;
			buildConfigurations = (
				B264F2BB159783C90020BC2A /* Debug */,
				B264F2BC159783C90020BC2A /* Release */,
			);
			defaultConfigurationIsVisible = 0;
		};
		B264F2BD159783C90020BC2A /* Build configuration list for PBXNativeTarget "TabBarAppTestsTests" */ = {
			isa = XCConfigurationList;
			buildConfigurations = (
				B264F2BE159783C90020BC2A /* Debug */,
				B264F2BF159783C90020BC2A /* Release */,
			);
			defaultConfigurationIsVisible = 0;
		};
/* End XCConfigurationList section */
	};
	rootObject = B264F270159783C80020BC2A /* Project object */;
}
